
Microsoft Visual Studio Solution File, Format Version 12.00
# Visual Studio Version 17
VisualStudioVersion = 17.10.35004.147
MinimumVisualStudioVersion = 10.0.40219.1
Project("{FAE04EC0-301F-11D3-BF4B-00C04F79EFBC}") = "OOP Session 01", "OOP Session 01\OOP Session 01.csproj", "{357DEFF6-8F67-4DC3-974C-BD6D2C30F26D}"
EndProject
Global
	GlobalSection(SolutionConfigurationPlatforms) = preSolution
		Debug|Any CPU = Debug|Any CPU
		Release|Any CPU = Release|Any CPU
	EndGlobalSection
	GlobalSection(ProjectConfigurationPlatforms) = postSolution
		{357DEFF6-8F67-4DC3-974C-BD6D2C30F26D}.Debug|Any CPU.ActiveCfg = Debug|Any CPU
		{357DEFF6-8F67-4DC3-974C-BD6D2C30F26D}.Debug|Any CPU.Build.0 = Debug|Any CPU
		{357DEFF6-8F67-4DC3-974C-BD6D2C30F26D}.Release|Any CPU.ActiveCfg = Release|Any CPU
		{357DEFF6-8F67-4DC3-974C-BD6D2C30F26D}.Release|Any CPU.Build.0 = Release|Any CPU
	EndGlobalSection
	GlobalSection(SolutionProperties) = preSolution
		HideSolutionNode = FALSE
	EndGlobalSection
	GlobalSection(ExtensibilityGlobals) = postSolution
		SolutionGuid = {109B988D-89B6-430C-8C30-76B2DD6CE219}
	EndGlobalSection
EndGlobal
